
Microsoft Visual Studio Solution File, Format Version 12.00
# Visual Studio Version 16
VisualStudioVersion = 16.0.33529.622
MinimumVisualStudioVersion = 10.0.40219.1
Project("{FAE04EC0-301F-11D3-BF4B-00C04F79EFBC}") = "LinkUp", "LinkUp\LinkUp.csproj", "{5138A6CB-E75E-45A9-AC01-C2679E21985E}"
EndProject
Project("{FAE04EC0-301F-11D3-BF4B-00C04F79EFBC}") = "RemesasEDM", "RemesasEDM\RemesasEDM.csproj", "{7B5891A3-751F-4931-A9D1-B659140826C6}"
EndProject
Project("{FAE04EC0-301F-11D3-BF4B-00C04F79EFBC}") = "RemesasDAO", "RemesasDAO\RemesasDAO.csproj", "{9FDE27FB-9D8E-4CA6-8277-4DD5B0488772}"
EndProject
Global
	GlobalSection(SolutionConfigurationPlatforms) = preSolution
		Debug|Any CPU = Debug|Any CPU
		Release|Any CPU = Release|Any CPU
	EndGlobalSection
	GlobalSection(ProjectConfigurationPlatforms) = postSolution
		{5138A6CB-E75E-45A9-AC01-C2679E21985E}.Debug|Any CPU.ActiveCfg = Debug|Any CPU
		{5138A6CB-E75E-45A9-AC01-C2679E21985E}.Debug|Any CPU.Build.0 = Debug|Any CPU
		{5138A6CB-E75E-45A9-AC01-C2679E21985E}.Release|Any CPU.ActiveCfg = Release|Any CPU
		{5138A6CB-E75E-45A9-AC01-C2679E21985E}.Release|Any CPU.Build.0 = Release|Any CPU
		{7B5891A3-751F-4931-A9D1-B659140826C6}.Debug|Any CPU.ActiveCfg = Debug|Any CPU
		{7B5891A3-751F-4931-A9D1-B659140826C6}.Debug|Any CPU.Build.0 = Debug|Any CPU
		{7B5891A3-751F-4931-A9D1-B659140826C6}.Release|Any CPU.ActiveCfg = Release|Any CPU
		{7B5891A3-751F-4931-A9D1-B659140826C6}.Release|Any CPU.Build.0 = Release|Any CPU
		{9FDE27FB-9D8E-4CA6-8277-4DD5B0488772}.Debug|Any CPU.ActiveCfg = Debug|Any CPU
		{9FDE27FB-9D8E-4CA6-8277-4DD5B0488772}.Debug|Any CPU.Build.0 = Debug|Any CPU
		{9FDE27FB-9D8E-4CA6-8277-4DD5B0488772}.Release|Any CPU.ActiveCfg = Release|Any CPU
		{9FDE27FB-9D8E-4CA6-8277-4DD5B0488772}.Release|Any CPU.Build.0 = Release|Any CPU
	EndGlobalSection
	GlobalSection(SolutionProperties) = preSolution
		HideSolutionNode = FALSE
	EndGlobalSection
	GlobalSection(ExtensibilityGlobals) = postSolution
		SolutionGuid = {5D6AF856-5F6A-4E35-9D72-C3D61629E6DB}
	EndGlobalSection
EndGlobal
